{
  "nodes": {
    "nixpkgs": {
      "locked": {
        "lastModified": 1744512223,
        "narHash": "sha256-knvWwiYwiXVvaeRf3bIFSsv25QuS87f6tpm50VfvgcM=",
        "owner": "NixOS",
        "repo": "nixpkgs",
        "rev": "e528b296de8491656a3c5e4fd315e95af10e2126",
        "type": "github"
      },
      "original": {
        "owner": "NixOS",
        "repo": "nixpkgs",
        "type": "github"
      }
    },
    "root": {
      "inputs": {
        "nixpkgs": "nixpkgs"
      }
    }
  },
  "root": "root",
  "version": 7
}
